{
  "version": 4,
  "terraform_version": "0.13.5",
  "serial": 57,
  "lineage": "8d7197c1-d20b-b1ba-0dbf-669af812bd21",
  "outputs": {},
  "resources": [
    {
      "mode": "data",
      "type": "google_iam_policy",
      "name": "noauth",
      "provider": "provider[\"registry.terraform.io/hashicorp/google\"]",
      "instances": [
        {
          "schema_version": 0,
          "attributes": {
            "audit_config": null,
            "binding": [
              {
                "condition": [],
                "members": [
                  "allUsers"
                ],
                "role": "roles/run.invoker"
              }
            ],
            "id": "3450855414",
            "policy_data": "{\"bindings\":[{\"members\":[\"allUsers\"],\"role\":\"roles/run.invoker\"}]}"
          }
        }
      ]
    },
    {
      "mode": "managed",
      "type": "google_cloud_run_service",
      "name": "default",
      "provider": "provider[\"registry.terraform.io/hashicorp/google\"]",
      "instances": [
        {
          "schema_version": 1,
          "attributes": {
            "autogenerate_revision_name": false,
            "id": "locations/europe-north1/namespaces/pgr301-exam/services/terraformservice",
            "location": "europe-north1",
            "metadata": [
              {
                "annotations": {
                  "serving.knative.dev/creator": "boylan157@gmail.com",
                  "serving.knative.dev/lastModifier": "boylan157@gmail.com"
                },
                "generation": 1,
                "labels": {
                  "cloud.googleapis.com/location": "europe-north1"
                },
                "namespace": "pgr301-exam",
                "resource_version": "AAW0fsn7ujA",
                "self_link": "/apis/serving.knative.dev/v1/namespaces/198149208277/services/terraformservice",
                "uid": "e9ffdda6-2ced-455b-a2b4-91e2b43e81d3"
              }
            ],
            "name": "terraformservice",
            "project": "pgr301-exam",
            "status": [
              {
                "conditions": [
                  {
                    "message": "",
                    "reason": "",
                    "status": "True",
                    "type": "Ready"
                  },
                  {
                    "message": "",
                    "reason": "",
                    "status": "True",
                    "type": "ConfigurationsReady"
                  },
                  {
                    "message": "",
                    "reason": "",
                    "status": "True",
                    "type": "RoutesReady"
                  }
                ],
                "latest_created_revision_name": "terraformservice-rz8xz",
                "latest_ready_revision_name": "terraformservice-rz8xz",
                "observed_generation": 1,
                "url": "https://terraformservice-kn7i6vqxoa-lz.a.run.app"
              }
            ],
            "template": [
              {
                "metadata": [
                  {
                    "annotations": {
                      "autoscaling.knative.dev/maxScale": "1000"
                    },
                    "generation": 0,
                    "labels": {},
                    "name": "",
                    "namespace": "",
                    "resource_version": "",
                    "self_link": "",
                    "uid": ""
                  }
                ],
                "spec": [
                  {
                    "container_concurrency": 80,
                    "containers": [
                      {
                        "args": null,
                        "command": null,
                        "env": [],
                        "env_from": [],
                        "image": "eu.gcr.io/pgr301-exam/pgr301_10021/devopsexam@sha256:58c96cad23ccfa03e4f12040f0848122e21b1876d2bf1bfff217229e79150984",
                        "ports": [
                          {
                            "container_port": 8080,
                            "name": "",
                            "protocol": ""
                          }
                        ],
                        "resources": [
                          {
                            "limits": {
                              "cpu": "1000m",
                              "memory": "256Mi"
                            },
                            "requests": {}
                          }
                        ],
                        "working_dir": ""
                      }
                    ],
                    "service_account_name": "",
                    "serving_state": "",
                    "timeout_seconds": 300
                  }
                ]
              }
            ],
            "timeouts": null,
            "traffic": [
              {
                "latest_revision": true,
                "percent": 100,
                "revision_name": ""
              }
            ]
          },
          "private": "eyJlMmJmYjczMC1lY2FhLTExZTYtOGY4OC0zNDM2M2JjN2M0YzAiOnsiY3JlYXRlIjozNjAwMDAwMDAwMDAsImRlbGV0ZSI6MjQwMDAwMDAwMDAwLCJ1cGRhdGUiOjkwMDAwMDAwMDAwMH0sInNjaGVtYV92ZXJzaW9uIjoiMSJ9"
        }
      ]
    },
    {
      "mode": "managed",
      "type": "google_cloud_run_service_iam_policy",
      "name": "noauth",
      "provider": "provider[\"registry.terraform.io/hashicorp/google\"]",
      "instances": [
        {
          "schema_version": 0,
          "attributes": {
            "etag": "BwW0fsqdeoQ=",
            "id": "v1/projects/pgr301-exam/locations/europe-north1/services/terraformservice",
            "location": "europe-north1",
            "policy_data": "{\"bindings\":[{\"members\":[\"allUsers\"],\"role\":\"roles/run.invoker\"}]}",
            "project": "pgr301-exam",
            "service": "v1/projects/pgr301-exam/locations/europe-north1/services/terraformservice"
          },
          "private": "bnVsbA==",
          "dependencies": [
            "data.google_iam_policy.noauth",
            "google_cloud_run_service.default"
          ]
        }
      ]
    }
  ]
}
